
Microsoft Visual Studio Solution File, Format Version 12.00
# Visual Studio 15
VisualStudioVersion = 15.0.28307.572
MinimumVisualStudioVersion = 10.0.40219.1
Project("{FAE04EC0-301F-11D3-BF4B-00C04F79EFBC}") = "WebApp", "WebApplication1\WebApp.csproj", "{4E47380C-7C17-4677-96EB-1C10011A9E47}"
EndProject
Project("{FAE04EC0-301F-11D3-BF4B-00C04F79EFBC}") = "App.Repository", "App.Repository\App.Repository.csproj", "{3A4F8D4F-DBD1-497C-A829-52EC2B7B3A01}"
EndProject
Project("{FAE04EC0-301F-11D3-BF4B-00C04F79EFBC}") = "App.Domain", "App.Domain\App.Domain.csproj", "{3B55435B-9229-480D-8D2D-75580FCB9BCF}"
EndProject
Global
	GlobalSection(SolutionConfigurationPlatforms) = preSolution
		Debug|Any CPU = Debug|Any CPU
		Release|Any CPU = Release|Any CPU
	EndGlobalSection
	GlobalSection(ProjectConfigurationPlatforms) = postSolution
		{4E47380C-7C17-4677-96EB-1C10011A9E47}.Debug|Any CPU.ActiveCfg = Debug|Any CPU
		{4E47380C-7C17-4677-96EB-1C10011A9E47}.Debug|Any CPU.Build.0 = Debug|Any CPU
		{4E47380C-7C17-4677-96EB-1C10011A9E47}.Release|Any CPU.ActiveCfg = Release|Any CPU
		{4E47380C-7C17-4677-96EB-1C10011A9E47}.Release|Any CPU.Build.0 = Release|Any CPU
		{3A4F8D4F-DBD1-497C-A829-52EC2B7B3A01}.Debug|Any CPU.ActiveCfg = Debug|Any CPU
		{3A4F8D4F-DBD1-497C-A829-52EC2B7B3A01}.Debug|Any CPU.Build.0 = Debug|Any CPU
		{3A4F8D4F-DBD1-497C-A829-52EC2B7B3A01}.Release|Any CPU.ActiveCfg = Release|Any CPU
		{3A4F8D4F-DBD1-497C-A829-52EC2B7B3A01}.Release|Any CPU.Build.0 = Release|Any CPU
		{3B55435B-9229-480D-8D2D-75580FCB9BCF}.Debug|Any CPU.ActiveCfg = Debug|Any CPU
		{3B55435B-9229-480D-8D2D-75580FCB9BCF}.Debug|Any CPU.Build.0 = Debug|Any CPU
		{3B55435B-9229-480D-8D2D-75580FCB9BCF}.Release|Any CPU.ActiveCfg = Release|Any CPU
		{3B55435B-9229-480D-8D2D-75580FCB9BCF}.Release|Any CPU.Build.0 = Release|Any CPU
	EndGlobalSection
	GlobalSection(SolutionProperties) = preSolution
		HideSolutionNode = FALSE
	EndGlobalSection
	GlobalSection(ExtensibilityGlobals) = postSolution
		SolutionGuid = {48E3701F-453C-4A38-9656-489703CED648}
	EndGlobalSection
EndGlobal
